
Microsoft Visual Studio Solution File, Format Version 12.00
# Visual Studio 11
Project("{FAE04EC0-301F-11D3-BF4B-00C04F79EFBC}") = "LotComputeMetroUI", "LotComputeMetroUI\LotComputeMetroUI.csproj", "{0D925CF5-D34D-4EA6-84C7-2E877A52990E}"
EndProject
Project("{FAE04EC0-301F-11D3-BF4B-00C04F79EFBC}") = "KalitaFinanceCurrencyRates", "KalitaFinanceCurrencyRates\KalitaFinanceCurrencyRates.csproj", "{39B54CE2-8D1B-497F-B633-9F4188BF2CD0}"
EndProject
Project("{FAE04EC0-301F-11D3-BF4B-00C04F79EFBC}") = "RoboForexCurrencyRates", "RoboForexCurrencyRates\RoboForexCurrencyRates.csproj", "{B22AF4ED-76A1-413B-9EAB-1472A39FF950}"
EndProject
Global
	GlobalSection(SolutionConfigurationPlatforms) = preSolution
		Debug|Any CPU = Debug|Any CPU
		ReleaseWhite|Any CPU = ReleaseWhite|Any CPU
		Release|Any CPU = Release|Any CPU
	EndGlobalSection
	GlobalSection(ProjectConfigurationPlatforms) = postSolution
		{0D925CF5-D34D-4EA6-84C7-2E877A52990E}.Debug|Any CPU.ActiveCfg = Debug|Any CPU
		{0D925CF5-D34D-4EA6-84C7-2E877A52990E}.Debug|Any CPU.Build.0 = Debug|Any CPU
		{0D925CF5-D34D-4EA6-84C7-2E877A52990E}.ReleaseWhite|Any CPU.ActiveCfg = ReleaseWhite|Any CPU
		{0D925CF5-D34D-4EA6-84C7-2E877A52990E}.ReleaseWhite|Any CPU.Build.0 = ReleaseWhite|Any CPU
		{0D925CF5-D34D-4EA6-84C7-2E877A52990E}.Release|Any CPU.ActiveCfg = Release|Any CPU
		{0D925CF5-D34D-4EA6-84C7-2E877A52990E}.Release|Any CPU.Build.0 = Release|Any CPU
		{39B54CE2-8D1B-497F-B633-9F4188BF2CD0}.Debug|Any CPU.ActiveCfg = Debug|Any CPU
		{39B54CE2-8D1B-497F-B633-9F4188BF2CD0}.Debug|Any CPU.Build.0 = Debug|Any CPU
		{39B54CE2-8D1B-497F-B633-9F4188BF2CD0}.ReleaseWhite|Any CPU.ActiveCfg = Release|Any CPU
		{39B54CE2-8D1B-497F-B633-9F4188BF2CD0}.ReleaseWhite|Any CPU.Build.0 = Release|Any CPU
		{39B54CE2-8D1B-497F-B633-9F4188BF2CD0}.Release|Any CPU.ActiveCfg = Release|Any CPU
		{39B54CE2-8D1B-497F-B633-9F4188BF2CD0}.Release|Any CPU.Build.0 = Release|Any CPU
		{B22AF4ED-76A1-413B-9EAB-1472A39FF950}.Debug|Any CPU.ActiveCfg = Debug|Any CPU
		{B22AF4ED-76A1-413B-9EAB-1472A39FF950}.Debug|Any CPU.Build.0 = Debug|Any CPU
		{B22AF4ED-76A1-413B-9EAB-1472A39FF950}.ReleaseWhite|Any CPU.ActiveCfg = Release|Any CPU
		{B22AF4ED-76A1-413B-9EAB-1472A39FF950}.ReleaseWhite|Any CPU.Build.0 = Release|Any CPU
		{B22AF4ED-76A1-413B-9EAB-1472A39FF950}.Release|Any CPU.ActiveCfg = Release|Any CPU
		{B22AF4ED-76A1-413B-9EAB-1472A39FF950}.Release|Any CPU.Build.0 = Release|Any CPU
	EndGlobalSection
	GlobalSection(SolutionProperties) = preSolution
		HideSolutionNode = FALSE
	EndGlobalSection
EndGlobal
